
Microsoft Visual Studio Solution File, Format Version 12.00
# Visual Studio 15
VisualStudioVersion = 15.0.27004.2009
MinimumVisualStudioVersion = 10.0.40219.1
Project("{FAE04EC0-301F-11D3-BF4B-00C04F79EFBC}") = "TestStuff.Tests", "TestStuff.Tests\TestStuff.Tests.csproj", "{F46FB617-629D-4639-A9EC-9F61A9CDCCBC}"
EndProject
Project("{2150E333-8FDC-42A3-9474-1A3956D46DE8}") = "SolutionFiles", "SolutionFiles", "{842CE61B-E126-4DBE-94D6-EBC2B3FDA80A}"
	ProjectSection(SolutionItems) = preProject
		.gitignore = .gitignore
	EndProjectSection
EndProject
Global
	GlobalSection(SolutionConfigurationPlatforms) = preSolution
		Debug|Any CPU = Debug|Any CPU
		Release|Any CPU = Release|Any CPU
	EndGlobalSection
	GlobalSection(ProjectConfigurationPlatforms) = postSolution
		{F46FB617-629D-4639-A9EC-9F61A9CDCCBC}.Debug|Any CPU.ActiveCfg = Debug|Any CPU
		{F46FB617-629D-4639-A9EC-9F61A9CDCCBC}.Debug|Any CPU.Build.0 = Debug|Any CPU
		{F46FB617-629D-4639-A9EC-9F61A9CDCCBC}.Release|Any CPU.ActiveCfg = Release|Any CPU
		{F46FB617-629D-4639-A9EC-9F61A9CDCCBC}.Release|Any CPU.Build.0 = Release|Any CPU
	EndGlobalSection
	GlobalSection(SolutionProperties) = preSolution
		HideSolutionNode = FALSE
	EndGlobalSection
	GlobalSection(ExtensibilityGlobals) = postSolution
		SolutionGuid = {656AC4C4-9E58-4208-B641-A4C1ED127236}
	EndGlobalSection
EndGlobal
